
Microsoft Visual Studio Solution File, Format Version 12.00
# Visual Studio Version 17
VisualStudioVersion = 17.13.35825.156 d17.13
MinimumVisualStudioVersion = 10.0.40219.1
Project("{FAE04EC0-301F-11D3-BF4B-00C04F79EFBC}") = "ConsoleApp7", "ConsoleApp7\ConsoleApp7.csproj", "{000228CE-2893-49DB-AE2C-7B0023101BFB}"
EndProject
Global
	GlobalSection(SolutionConfigurationPlatforms) = preSolution
		Debug|Any CPU = Debug|Any CPU
		Release|Any CPU = Release|Any CPU
	EndGlobalSection
	GlobalSection(ProjectConfigurationPlatforms) = postSolution
		{000228CE-2893-49DB-AE2C-7B0023101BFB}.Debug|Any CPU.ActiveCfg = Debug|Any CPU
		{000228CE-2893-49DB-AE2C-7B0023101BFB}.Debug|Any CPU.Build.0 = Debug|Any CPU
		{000228CE-2893-49DB-AE2C-7B0023101BFB}.Release|Any CPU.ActiveCfg = Release|Any CPU
		{000228CE-2893-49DB-AE2C-7B0023101BFB}.Release|Any CPU.Build.0 = Release|Any CPU
	EndGlobalSection
	GlobalSection(SolutionProperties) = preSolution
		HideSolutionNode = FALSE
	EndGlobalSection
	GlobalSection(ExtensibilityGlobals) = postSolution
		SolutionGuid = {FAA289BC-18A6-4BB8-9124-4F0C7A96E3CE}
	EndGlobalSection
EndGlobal
